// !$*UTF8*$!
{
	archiveVersion = 1;
	classes = {
	};
	objectVersion = 50;
	objects = {

/* Begin PBXBuildFile section */
		AFF172B723A7533B00542D19 /* AppDelegate.swift in Sources */ = {isa = PBXBuildFile; fileRef = AFF172B623A7533B00542D19 /* AppDelegate.swift */; };
		AFF172B923A7533B00542D19 /* ViewController.swift in Sources */ = {isa = PBXBuildFile; fileRef = AFF172B823A7533B00542D19 /* ViewController.swift */; };
		AFF172BC23A7533B00542D19 /* Main.storyboard in Resources */ = {isa = PBXBuildFile; fileRef = AFF172BA23A7533B00542D19 /* Main.storyboard */; };
		AFF172BE23A7533D00542D19 /* Assets.xcassets in Resources */ = {isa = PBXBuildFile; fileRef = AFF172BD23A7533D00542D19 /* Assets.xcassets */; };
		AFF172C123A7533D00542D19 /* LaunchScreen.storyboard in Resources */ = {isa = PBXBuildFile; fileRef = AFF172BF23A7533D00542D19 /* LaunchScreen.storyboard */; };
		AFF172CC23A7533D00542D19 /* Unowned_SelfTests.swift in Sources */ = {isa = PBXBuildFile; fileRef = AFF172CB23A7533D00542D19 /* Unowned_SelfTests.swift */; };
		AFF172D723A7533D00542D19 /* Unowned_SelfUITests.swift in Sources */ = {isa = PBXBuildFile; fileRef = AFF172D623A7533D00542D19 /* Unowned_SelfUITests.swift */; };
		AFF172E523A7536000542D19 /* AnotherViewController.swift in Sources */ = {isa = PBXBuildFile; fileRef = AFF172E423A7536000542D19 /* AnotherViewController.swift */; };
/* End PBXBuildFile section */

/* Begin PBXContainerItemProxy section */
		AFF172C823A7533D00542D19 /* PBXContainerItemProxy */ = {
			isa = PBXContainerItemProxy;
			containerPortal = AFF172AB23A7533B00542D19 /* Project object */;
			proxyType = 1;
			remoteGlobalIDString = AFF172B223A7533B00542D19;
			remoteInfo = "Unowned Self";
		};
		AFF172D323A7533D00542D19 /* PBXContainerItemProxy */ = {
			isa = PBXContainerItemProxy;
			containerPortal = AFF172AB23A7533B00542D19 /* Project object */;
			proxyType = 1;
			remoteGlobalIDString = AFF172B223A7533B00542D19;
			remoteInfo = "Unowned Self";
		};
/* End PBXContainerItemProxy section */

/* Begin PBXFileReference section */
		AFF172B323A7533B00542D19 /* Unowned Self.app */ = {isa = PBXFileReference; explicitFileType = wrapper.application; includeInIndex = 0; path = "Unowned Self.app"; sourceTree = BUILT_PRODUCTS_DIR; };
		AFF172B623A7533B00542D19 /* AppDelegate.swift */ = {isa = PBXFileReference; lastKnownFileType = sourcecode.swift; path = AppDelegate.swift; sourceTree = "<group>"; };
		AFF172B823A7533B00542D19 /* ViewController.swift */ = {isa = PBXFileReference; lastKnownFileType = sourcecode.swift; path = ViewController.swift; sourceTree = "<group>"; };
		AFF172BB23A7533B00542D19 /* Base */ = {isa = PBXFileReference; lastKnownFileType = file.storyboard; name = Base; path = Base.lproj/Main.storyboard; sourceTree = "<group>"; };
		AFF172BD23A7533D00542D19 /* Assets.xcassets */ = {isa = PBXFileReference; lastKnownFileType = folder.assetcatalog; path = Assets.xcassets; sourceTree = "<group>"; };
		AFF172C023A7533D00542D19 /* Base */ = {isa = PBXFileReference; lastKnownFileType = file.storyboard; name = Base; path = Base.lproj/LaunchScreen.storyboard; sourceTree = "<group>"; };
		AFF172C223A7533D00542D19 /* Info.plist */ = {isa = PBXFileReference; lastKnownFileType = text.plist.xml; path = Info.plist; sourceTree = "<group>"; };
		AFF172C723A7533D00542D19 /* Unowned SelfTests.xctest */ = {isa = PBXFileReference; explicitFileType = wrapper.cfbundle; includeInIndex = 0; path = "Unowned SelfTests.xctest"; sourceTree = BUILT_PRODUCTS_DIR; };
		AFF172CB23A7533D00542D19 /* Unowned_SelfTests.swift */ = {isa = PBXFileReference; lastKnownFileType = sourcecode.swift; path = Unowned_SelfTests.swift; sourceTree = "<group>"; };
		AFF172CD23A7533D00542D19 /* Info.plist */ = {isa = PBXFileReference; lastKnownFileType = text.plist.xml; path = Info.plist; sourceTree = "<group>"; };
		AFF172D223A7533D00542D19 /* Unowned SelfUITests.xctest */ = {isa = PBXFileReference; explicitFileType = wrapper.cfbundle; includeInIndex = 0; path = "Unowned SelfUITests.xctest"; sourceTree = BUILT_PRODUCTS_DIR; };
		AFF172D623A7533D00542D19 /* Unowned_SelfUITests.swift */ = {isa = PBXFileReference; lastKnownFileType = sourcecode.swift; path = Unowned_SelfUITests.swift; sourceTree = "<group>"; };
		AFF172D823A7533D00542D19 /* Info.plist */ = {isa = PBXFileReference; lastKnownFileType = text.plist.xml; path = Info.plist; sourceTree = "<group>"; };
		AFF172E423A7536000542D19 /* AnotherViewController.swift */ = {isa = PBXFileReference; lastKnownFileType = sourcecode.swift; path = AnotherViewController.swift; sourceTree = "<group>"; };
/* End PBXFileReference section */

/* Begin PBXFrameworksBuildPhase section */
		AFF172B023A7533B00542D19 /* Frameworks */ = {
			isa = PBXFrameworksBuildPhase;
			buildActionMask = 2147483647;
			files = (
			);
			runOnlyForDeploymentPostprocessing = 0;
		};
		AFF172C423A7533D00542D19 /* Frameworks */ = {
			isa = PBXFrameworksBuildPhase;
			buildActionMask = 2147483647;
			files = (
			);
			runOnlyForDeploymentPostprocessing = 0;
		};
		AFF172CF23A7533D00542D19 /* Frameworks */ = {
			isa = PBXFrameworksBuildPhase;
			buildActionMask = 2147483647;
			files = (
			);
			runOnlyForDeploymentPostprocessing = 0;
		};
/* End PBXFrameworksBuildPhase section */

/* Begin PBXGroup section */
		AFF172AA23A7533B00542D19 = {
			isa = PBXGroup;
			children = (
				AFF172B523A7533B00542D19 /* Unowned Self */,
				AFF172CA23A7533D00542D19 /* Unowned SelfTests */,
				AFF172D523A7533D00542D19 /* Unowned SelfUITests */,
				AFF172B423A7533B00542D19 /* Products */,
			);
			sourceTree = "<group>";
		};
		AFF172B423A7533B00542D19 /* Products */ = {
			isa = PBXGroup;
			children = (
				AFF172B323A7533B00542D19 /* Unowned Self.app */,
				AFF172C723A7533D00542D19 /* Unowned SelfTests.xctest */,
				AFF172D223A7533D00542D19 /* Unowned SelfUITests.xctest */,
			);
			name = Products;
			sourceTree = "<group>";
		};
		AFF172B523A7533B00542D19 /* Unowned Self */ = {
			isa = PBXGroup;
			children = (
				AFF172B623A7533B00542D19 /* AppDelegate.swift */,
				AFF172B823A7533B00542D19 /* ViewController.swift */,
				AFF172E423A7536000542D19 /* AnotherViewController.swift */,
				AFF172BA23A7533B00542D19 /* Main.storyboard */,
				AFF172BD23A7533D00542D19 /* Assets.xcassets */,
				AFF172BF23A7533D00542D19 /* LaunchScreen.storyboard */,
				AFF172C223A7533D00542D19 /* Info.plist */,
			);
			path = "Unowned Self";
			sourceTree = "<group>";
		};
		AFF172CA23A7533D00542D19 /* Unowned SelfTests */ = {
			isa = PBXGroup;
			children = (
				AFF172CB23A7533D00542D19 /* Unowned_SelfTests.swift */,
				AFF172CD23A7533D00542D19 /* Info.plist */,
			);
			path = "Unowned SelfTests";
			sourceTree = "<group>";
		};
		AFF172D523A7533D00542D19 /* Unowned SelfUITests */ = {
			isa = PBXGroup;
			children = (
				AFF172D623A7533D00542D19 /* Unowned_SelfUITests.swift */,
				AFF172D823A7533D00542D19 /* Info.plist */,
			);
			path = "Unowned SelfUITests";
			sourceTree = "<group>";
		};
/* End PBXGroup section */

/* Begin PBXNativeTarget section */
		AFF172B223A7533B00542D19 /* Unowned Self */ = {
			isa = PBXNativeTarget;
			buildConfigurationList = AFF172DB23A7533D00542D19 /* Build configuration list for PBXNativeTarget "Unowned Self" */;
			buildPhases = (
				AFF172AF23A7533B00542D19 /* Sources */,
				AFF172B023A7533B00542D19 /* Frameworks */,
				AFF172B123A7533B00542D19 /* Resources */,
			);
			buildRules = (
			);
			dependencies = (
			);
			name = "Unowned Self";
			productName = "Unowned Self";
			productReference = AFF172B323A7533B00542D19 /* Unowned Self.app */;
			productType = "com.apple.product-type.application";
		};
		AFF172C623A7533D00542D19 /* Unowned SelfTests */ = {
			isa = PBXNativeTarget;
			buildConfigurationList = AFF172DE23A7533D00542D19 /* Build configuration list for PBXNativeTarget "Unowned SelfTests" */;
			buildPhases = (
				AFF172C323A7533D00542D19 /* Sources */,
				AFF172C423A7533D00542D19 /* Frameworks */,
				AFF172C523A7533D00542D19 /* Resources */,
			);
			buildRules = (
			);
			dependencies = (
				AFF172C923A7533D00542D19 /* PBXTargetDependency */,
			);
			name = "Unowned SelfTests";
			productName = "Unowned SelfTests";
			productReference = AFF172C723A7533D00542D19 /* Unowned SelfTests.xctest */;
			productType = "com.apple.product-type.bundle.unit-test";
		};
		AFF172D123A7533D00542D19 /* Unowned SelfUITests */ = {
			isa = PBXNativeTarget;
			buildConfigurationList = AFF172E123A7533D00542D19 /* Build configuration list for PBXNativeTarget "Unowned SelfUITests" */;
			buildPhases = (
				AFF172CE23A7533D00542D19 /* Sources */,
				AFF172CF23A7533D00542D19 /* Frameworks */,
				AFF172D023A7533D00542D19 /* Resources */,
			);
			buildRules = (
			);
			dependencies = (
				AFF172D423A7533D00542D19 /* PBXTargetDependency */,
			);
			name = "Unowned SelfUITests";
			productName = "Unowned SelfUITests";
			productReference = AFF172D223A7533D00542D19 /* Unowned SelfUITests.xctest */;
			productType = "com.apple.product-type.bundle.ui-testing";
		};
/* End PBXNativeTarget section */

/* Begin PBXProject section */
		AFF172AB23A7533B00542D19 /* Project object */ = {
			isa = PBXProject;
			attributes = {
				LastSwiftUpdateCheck = 1020;
				LastUpgradeCheck = 1020;
				ORGANIZATIONNAME = "shourov datta";
				TargetAttributes = {
					AFF172B223A7533B00542D19 = {
						CreatedOnToolsVersion = 10.2.1;
					};
					AFF172C623A7533D00542D19 = {
						CreatedOnToolsVersion = 10.2.1;
						TestTargetID = AFF172B223A7533B00542D19;
					};
					AFF172D123A7533D00542D19 = {
						CreatedOnToolsVersion = 10.2.1;
						TestTargetID = AFF172B223A7533B00542D19;
					};
				};
			};
			buildConfigurationList = AFF172AE23A7533B00542D19 /* Build configuration list for PBXProject "Unowned Self" */;
			compatibilityVersion = "Xcode 9.3";
			developmentRegion = en;
			hasScannedForEncodings = 0;
			knownRegions = (
				en,
				Base,
			);
			mainGroup = AFF172AA23A7533B00542D19;
			productRefGroup = AFF172B423A7533B00542D19 /* Products */;
			projectDirPath = "";
			projectRoot = "";
			targets = (
				AFF172B223A7533B00542D19 /* Unowned Self */,
				AFF172C623A7533D00542D19 /* Unowned SelfTests */,
				AFF172D123A7533D00542D19 /* Unowned SelfUITests */,
			);
		};
/* End PBXProject section */

/* Begin PBXResourcesBuildPhase section */
		AFF172B123A7533B00542D19 /* Resources */ = {
			isa = PBXResourcesBuildPhase;
			buildActionMask = 2147483647;
			files = (
				AFF172C123A7533D00542D19 /* LaunchScreen.storyboard in Resources */,
				AFF172BE23A7533D00542D19 /* Assets.xcassets in Resources */,
				AFF172BC23A7533B00542D19 /* Main.storyboard in Resources */,
			);
			runOnlyForDeploymentPostprocessing = 0;
		};
		AFF172C523A7533D00542D19 /* Resources */ = {
			isa = PBXResourcesBuildPhase;
			buildActionMask = 2147483647;
			files = (
			);
			runOnlyForDeploymentPostprocessing = 0;
		};
		AFF172D023A7533D00542D19 /* Resources */ = {
			isa = PBXResourcesBuildPhase;
			buildActionMask = 2147483647;
			files = (
			);
			runOnlyForDeploymentPostprocessing = 0;
		};
/* End PBXResourcesBuildPhase section */

/* Begin PBXSourcesBuildPhase section */
		AFF172AF23A7533B00542D19 /* Sources */ = {
			isa = PBXSourcesBuildPhase;
			buildActionMask = 2147483647;
			files = (
				AFF172B923A7533B00542D19 /* ViewController.swift in Sources */,
				AFF172B723A7533B00542D19 /* AppDelegate.swift in Sources */,
				AFF172E523A7536000542D19 /* AnotherViewController.swift in Sources */,
			);
			runOnlyForDeploymentPostprocessing = 0;
		};
		AFF172C323A7533D00542D19 /* Sources */ = {
			isa = PBXSourcesBuildPhase;
			buildActionMask = 2147483647;
			files = (
				AFF172CC23A7533D00542D19 /* Unowned_SelfTests.swift in Sources */,
			);
			runOnlyForDeploymentPostprocessing = 0;
		};
		AFF172CE23A7533D00542D19 /* Sources */ = {
			isa = PBXSourcesBuildPhase;
			buildActionMask = 2147483647;
			files = (
				AFF172D723A7533D00542D19 /* Unowned_SelfUITests.swift in Sources */,
			);
			runOnlyForDeploymentPostprocessing = 0;
		};
/* End PBXSourcesBuildPhase section */

/* Begin PBXTargetDependency section */
		AFF172C923A7533D00542D19 /* PBXTargetDependency */ = {
			isa = PBXTargetDependency;
			target = AFF172B223A7533B00542D19 /* Unowned Self */;
			targetProxy = AFF172C823A7533D00542D19 /* PBXContainerItemProxy */;
		};
		AFF172D423A7533D00542D19 /* PBXTargetDependency */ = {
			isa = PBXTargetDependency;
			target = AFF172B223A7533B00542D19 /* Unowned Self */;
			targetProxy = AFF172D323A7533D00542D19 /* PBXContainerItemProxy */;
		};
/* End PBXTargetDependency section */

/* Begin PBXVariantGroup section */
		AFF172BA23A7533B00542D19 /* Main.storyboard */ = {
			isa = PBXVariantGroup;
			children = (
				AFF172BB23A7533B00542D19 /* Base */,
			);
			name = Main.storyboard;
			sourceTree = "<group>";
		};
		AFF172BF23A7533D00542D19 /* LaunchScreen.storyboard */ = {
			isa = PBXVariantGroup;
			children = (
				AFF172C023A7533D00542D19 /* Base */,
			);
			name = LaunchScreen.storyboard;
			sourceTree = "<group>";
		};
/* End PBXVariantGroup section */

/* Begin XCBuildConfiguration section */
		AFF172D923A7533D00542D19 /* Debug */ = {
			isa = XCBuildConfiguration;
			buildSettings = {
				ALWAYS_SEARCH_USER_PATHS = NO;
				CLANG_ANALYZER_NONNULL = YES;
				CLANG_ANALYZER_NUMBER_OBJECT_CONVERSION = YES_AGGRESSIVE;
				CLANG_CXX_LANGUAGE_STANDARD = "gnu++14";
				CLANG_CXX_LIBRARY = "libc++";
				CLANG_ENABLE_MODULES = YES;
				CLANG_ENABLE_OBJC_ARC = YES;
				CLANG_ENABLE_OBJC_WEAK = YES;
				CLANG_WARN_BLOCK_CAPTURE_AUTORELEASING = YES;
				CLANG_WARN_BOOL_CONVERSION = YES;
				CLANG_WARN_COMMA = YES;
				CLANG_WARN_CONSTANT_CONVERSION = YES;
				CLANG_WARN_DEPRECATED_OBJC_IMPLEMENTATIONS = YES;
				CLANG_WARN_DIRECT_OBJC_ISA_USAGE = YES_ERROR;
				CLANG_WARN_DOCUMENTATION_COMMENTS = YES;
				CLANG_WARN_EMPTY_BODY = YES;
				CLANG_WARN_ENUM_CONVERSION = YES;
				CLANG_WARN_INFINITE_RECURSION = YES;
				CLANG_WARN_INT_CONVERSION = YES;
				CLANG_WARN_NON_LITERAL_NULL_CONVERSION = YES;
				CLANG_WARN_OBJC_IMPLICIT_RETAIN_SELF = YES;
				CLANG_WARN_OBJC_LITERAL_CONVERSION = YES;
				CLANG_WARN_OBJC_ROOT_CLASS = YES_ERROR;
				CLANG_WARN_RANGE_LOOP_ANALYSIS = YES;
				CLANG_WARN_STRICT_PROTOTYPES = YES;
				CLANG_WARN_SUSPICIOUS_MOVE = YES;
				CLANG_WARN_UNGUARDED_AVAILABILITY = YES_AGGRESSIVE;
				CLANG_WARN_UNREACHABLE_CODE = YES;
				CLANG_WARN__DUPLICATE_METHOD_MATCH = YES;
				CODE_SIGN_IDENTITY = "iPhone Developer";
				COPY_PHASE_STRIP = NO;
				DEBUG_INFORMATION_FORMAT = dwarf;
				ENABLE_STRICT_OBJC_MSGSEND = YES;
				ENABLE_TESTABILITY = YES;
				GCC_C_LANGUAGE_STANDARD = gnu11;
				GCC_DYNAMIC_NO_PIC = NO;
				GCC_NO_COMMON_BLOCKS = YES;
				GCC_OPTIMIZATION_LEVEL = 0;
				GCC_PREPROCESSOR_DEFINITIONS = (
					"DEBUG=1",
					"$(inherited)",
				);
				GCC_WARN_64_TO_32_BIT_CONVERSION = YES;
				GCC_WARN_ABOUT_RETURN_TYPE = YES_ERROR;
				GCC_WARN_UNDECLARED_SELECTOR = YES;
				GCC_WARN_UNINITIALIZED_AUTOS = YES_AGGRESSIVE;
				GCC_WARN_UNUSED_FUNCTION = YES;
				GCC_WARN_UNUSED_VARIABLE = YES;
				IPHONEOS_DEPLOYMENT_TARGET = 12.2;
				MTL_ENABLE_DEBUG_INFO = INCLUDE_SOURCE;
				MTL_FAST_MATH = YES;
				ONLY_ACTIVE_ARCH = YES;
				SDKROOT = iphoneos;
				SWIFT_ACTIVE_COMPILATION_CONDITIONS = DEBUG;
				SWIFT_OPTIMIZATION_LEVEL = "-Onone";
			};
			name = Debug;
		};
		AFF172DA23A7533D00542D19 /* Release */ = {
			isa = XCBuildConfiguration;
			buildSettings = {
				ALWAYS_SEARCH_USER_PATHS = NO;
				CLANG_ANALYZER_NONNULL = YES;
				CLANG_ANALYZER_NUMBER_OBJECT_CONVERSION = YES_AGGRESSIVE;
				CLANG_CXX_LANGUAGE_STANDARD = "gnu++14";
				CLANG_CXX_LIBRARY = "libc++";
				CLANG_ENABLE_MODULES = YES;
				CLANG_ENABLE_OBJC_ARC = YES;
				CLANG_ENABLE_OBJC_WEAK = YES;
				CLANG_WARN_BLOCK_CAPTURE_AUTORELEASING = YES;
				CLANG_WARN_BOOL_CONVERSION = YES;
				CLANG_WARN_COMMA = YES;
				CLANG_WARN_CONSTANT_CONVERSION = YES;
				CLANG_WARN_DEPRECATED_OBJC_IMPLEMENTATIONS = YES;
				CLANG_WARN_DIRECT_OBJC_ISA_USAGE = YES_ERROR;
				CLANG_WARN_DOCUMENTATION_COMMENTS = YES;
				CLANG_WARN_EMPTY_BODY = YES;
				CLANG_WARN_ENUM_CONVERSION = YES;
				CLANG_WARN_INFINITE_RECURSION = YES;
				CLANG_WARN_INT_CONVERSION = YES;
				CLANG_WARN_NON_LITERAL_NULL_CONVERSION = YES;
				CLANG_WARN_OBJC_IMPLICIT_RETAIN_SELF = YES;
				CLANG_WARN_OBJC_LITERAL_CONVERSION = YES;
				CLANG_WARN_OBJC_ROOT_CLASS = YES_ERROR;
				CLANG_WARN_RANGE_LOOP_ANALYSIS = YES;
				CLANG_WARN_STRICT_PROTOTYPES = YES;
				CLANG_WARN_SUSPICIOUS_MOVE = YES;
				CLANG_WARN_UNGUARDED_AVAILABILITY = YES_AGGRESSIVE;
				CLANG_WARN_UNREACHABLE_CODE = YES;
				CLANG_WARN__DUPLICATE_METHOD_MATCH = YES;
				CODE_SIGN_IDENTITY = "iPhone Developer";
				COPY_PHASE_STRIP = NO;
				DEBUG_INFORMATION_FORMAT = "dwarf-with-dsym";
				ENABLE_NS_ASSERTIONS = NO;
				ENABLE_STRICT_OBJC_MSGSEND = YES;
				GCC_C_LANGUAGE_STANDARD = gnu11;
				GCC_NO_COMMON_BLOCKS = YES;
				GCC_WARN_64_TO_32_BIT_CONVERSION = YES;
				GCC_WARN_ABOUT_RETURN_TYPE = YES_ERROR;
				GCC_WARN_UNDECLARED_SELECTOR = YES;
				GCC_WARN_UNINITIALIZED_AUTOS = YES_AGGRESSIVE;
				GCC_WARN_UNUSED_FUNCTION = YES;
				GCC_WARN_UNUSED_VARIABLE = YES;
				IPHONEOS_DEPLOYMENT_TARGET = 12.2;
				MTL_ENABLE_DEBUG_INFO = NO;
				MTL_FAST_MATH = YES;
				SDKROOT = iphoneos;
				SWIFT_COMPILATION_MODE = wholemodule;
				SWIFT_OPTIMIZATION_LEVEL = "-O";
				VALIDATE_PRODUCT = YES;
			};
			name = Release;
		};
		AFF172DC23A7533D00542D19 /* Debug */ = {
			isa = XCBuildConfiguration;
			buildSettings = {
				ASSETCATALOG_COMPILER_APPICON_NAME = AppIcon;
				CODE_SIGN_STYLE = Automatic;
				INFOPLIST_FILE = "Unowned Self/Info.plist";
				LD_RUNPATH_SEARCH_PATHS = (
					"$(inherited)",
					"@executable_path/Frameworks",
				);
				PRODUCT_BUNDLE_IDENTIFIER = "shourob.datta.Unowned-Self";
				PRODUCT_NAME = "$(TARGET_NAME)";
				SWIFT_VERSION = 5.0;
				TARGETED_DEVICE_FAMILY = "1,2";
			};
			name = Debug;
		};
		AFF172DD23A7533D00542D19 /* Release */ = {
			isa = XCBuildConfiguration;
			buildSettings = {
				ASSETCATALOG_COMPILER_APPICON_NAME = AppIcon;
				CODE_SIGN_STYLE = Automatic;
				INFOPLIST_FILE = "Unowned Self/Info.plist";
				LD_RUNPATH_SEARCH_PATHS = (
					"$(inherited)",
					"@executable_path/Frameworks",
				);
				PRODUCT_BUNDLE_IDENTIFIER = "shourob.datta.Unowned-Self";
				PRODUCT_NAME = "$(TARGET_NAME)";
				SWIFT_VERSION = 5.0;
				TARGETED_DEVICE_FAMILY = "1,2";
			};
			name = Release;
		};
		AFF172DF23A7533D00542D19 /* Debug */ = {
			isa = XCBuildConfiguration;
			buildSettings = {
				ALWAYS_EMBED_SWIFT_STANDARD_LIBRARIES = YES;
				BUNDLE_LOADER = "$(TEST_HOST)";
				CODE_SIGN_STYLE = Automatic;
				INFOPLIST_FILE = "Unowned SelfTests/Info.plist";
				LD_RUNPATH_SEARCH_PATHS = (
					"$(inherited)",
					"@executable_path/Frameworks",
					"@loader_path/Frameworks",
				);
				PRODUCT_BUNDLE_IDENTIFIER = "shourob.datta.Unowned-SelfTests";
				PRODUCT_NAME = "$(TARGET_NAME)";
				SWIFT_VERSION = 5.0;
				TARGETED_DEVICE_FAMILY = "1,2";
				TEST_HOST = "$(BUILT_PRODUCTS_DIR)/Unowned Self.app/Unowned Self";
			};
			name = Debug;
		};
		AFF172E023A7533D00542D19 /* Release */ = {
			isa = XCBuildConfiguration;
			buildSettings = {
				ALWAYS_EMBED_SWIFT_STANDARD_LIBRARIES = YES;
				BUNDLE_LOADER = "$(TEST_HOST)";
				CODE_SIGN_STYLE = Automatic;
				INFOPLIST_FILE = "Unowned SelfTests/Info.plist";
				LD_RUNPATH_SEARCH_PATHS = (
					"$(inherited)",
					"@executable_path/Frameworks",
					"@loader_path/Frameworks",
				);
				PRODUCT_BUNDLE_IDENTIFIER = "shourob.datta.Unowned-SelfTests";
				PRODUCT_NAME = "$(TARGET_NAME)";
				SWIFT_VERSION = 5.0;
				TARGETED_DEVICE_FAMILY = "1,2";
				TEST_HOST = "$(BUILT_PRODUCTS_DIR)/Unowned Self.app/Unowned Self";
			};
			name = Release;
		};
		AFF172E223A7533D00542D19 /* Debug */ = {
			isa = XCBuildConfiguration;
			buildSettings = {
				ALWAYS_EMBED_SWIFT_STANDARD_LIBRARIES = YES;
				CODE_SIGN_STYLE = Automatic;
				INFOPLIST_FILE = "Unowned SelfUITests/Info.plist";
				LD_RUNPATH_SEARCH_PATHS = (
					"$(inherited)",
					"@executable_path/Frameworks",
					"@loader_path/Frameworks",
				);
				PRODUCT_BUNDLE_IDENTIFIER = "shourob.datta.Unowned-SelfUITests";
				PRODUCT_NAME = "$(TARGET_NAME)";
				SWIFT_VERSION = 5.0;
				TARGETED_DEVICE_FAMILY = "1,2";
				TEST_TARGET_NAME = "Unowned Self";
			};
			name = Debug;
		};
		AFF172E323A7533D00542D19 /* Release */ = {
			isa = XCBuildConfiguration;
			buildSettings = {
				ALWAYS_EMBED_SWIFT_STANDARD_LIBRARIES = YES;
				CODE_SIGN_STYLE = Automatic;
				INFOPLIST_FILE = "Unowned SelfUITests/Info.plist";
				LD_RUNPATH_SEARCH_PATHS = (
					"$(inherited)",
					"@executable_path/Frameworks",
					"@loader_path/Frameworks",
				);
				PRODUCT_BUNDLE_IDENTIFIER = "shourob.datta.Unowned-SelfUITests";
				PRODUCT_NAME = "$(TARGET_NAME)";
				SWIFT_VERSION = 5.0;
				TARGETED_DEVICE_FAMILY = "1,2";
				TEST_TARGET_NAME = "Unowned Self";
			};
			name = Release;
		};
/* End XCBuildConfiguration section */

/* Begin XCConfigurationList section */
		AFF172AE23A7533B00542D19 /* Build configuration list for PBXProject "Unowned Self" */ = {
			isa = XCConfigurationList;
			buildConfigurations = (
				AFF172D923A7533D00542D19 /* Debug */,
				AFF172DA23A7533D00542D19 /* Release */,
			);
			defaultConfigurationIsVisible = 0;
			defaultConfigurationName = Release;
		};
		AFF172DB23A7533D00542D19 /* Build configuration list for PBXNativeTarget "Unowned Self" */ = {
			isa = XCConfigurationList;
			buildConfigurations = (
				AFF172DC23A7533D00542D19 /* Debug */,
				AFF172DD23A7533D00542D19 /* Release */,
			);
			defaultConfigurationIsVisible = 0;
			defaultConfigurationName = Release;
		};
		AFF172DE23A7533D00542D19 /* Build configuration list for PBXNativeTarget "Unowned SelfTests" */ = {
			isa = XCConfigurationList;
			buildConfigurations = (
				AFF172DF23A7533D00542D19 /* Debug */,
				AFF172E023A7533D00542D19 /* Release */,
			);
			defaultConfigurationIsVisible = 0;
			defaultConfigurationName = Release;
		};
		AFF172E123A7533D00542D19 /* Build configuration list for PBXNativeTarget "Unowned SelfUITests" */ = {
			isa = XCConfigurationList;
			buildConfigurations = (
				AFF172E223A7533D00542D19 /* Debug */,
				AFF172E323A7533D00542D19 /* Release */,
			);
			defaultConfigurationIsVisible = 0;
			defaultConfigurationName = Release;
		};
/* End XCConfigurationList section */
	};
	rootObject = AFF172AB23A7533B00542D19 /* Project object */;
}
